
Microsoft Visual Studio Solution File, Format Version 12.00
# Visual Studio Version 17
VisualStudioVersion = 17.13.35931.197
MinimumVisualStudioVersion = 10.0.40219.1
Project("{FAE04EC0-301F-11D3-BF4B-00C04F79EFBC}") = "FinalProject-AReeder", "FinalProject-AReeder.csproj", "{38DCB99F-1827-4693-B284-ED160B9295C2}"
EndProject
Global
	GlobalSection(SolutionConfigurationPlatforms) = preSolution
		Debug|Any CPU = Debug|Any CPU
		Release|Any CPU = Release|Any CPU
	EndGlobalSection
	GlobalSection(ProjectConfigurationPlatforms) = postSolution
		{38DCB99F-1827-4693-B284-ED160B9295C2}.Debug|Any CPU.ActiveCfg = Debug|Any CPU
		{38DCB99F-1827-4693-B284-ED160B9295C2}.Debug|Any CPU.Build.0 = Debug|Any CPU
		{38DCB99F-1827-4693-B284-ED160B9295C2}.Release|Any CPU.ActiveCfg = Release|Any CPU
		{38DCB99F-1827-4693-B284-ED160B9295C2}.Release|Any CPU.Build.0 = Release|Any CPU
	EndGlobalSection
	GlobalSection(SolutionProperties) = preSolution
		HideSolutionNode = FALSE
	EndGlobalSection
	GlobalSection(ExtensibilityGlobals) = postSolution
		SolutionGuid = {7BB6BBE7-3033-4F56-9C02-F0EB795AB60C}
	EndGlobalSection
EndGlobal
